// !$*UTF8*$!
{
	archiveVersion = 1;
	classes = {
	};
	objectVersion = 50;
	objects = {

/* Begin PBXBuildFile section */
		2078B31922A6C43500A2ACA0 /* CAAppDelegate.swift in Sources */ = {isa = PBXBuildFile; fileRef = 2078B31822A6C43500A2ACA0 /* CAAppDelegate.swift */; };
		2078B31B22A6C43500A2ACA0 /* CACarsListViewController.swift in Sources */ = {isa = PBXBuildFile; fileRef = 2078B31A22A6C43500A2ACA0 /* CACarsListViewController.swift */; };
		2078B31E22A6C43500A2ACA0 /* CAScreens.storyboard in Resources */ = {isa = PBXBuildFile; fileRef = 2078B31C22A6C43500A2ACA0 /* CAScreens.storyboard */; };
		2078B32022A6C43600A2ACA0 /* Assets.xcassets in Resources */ = {isa = PBXBuildFile; fileRef = 2078B31F22A6C43600A2ACA0 /* Assets.xcassets */; };
		2078B32322A6C43600A2ACA0 /* CALaunchScreen.storyboard in Resources */ = {isa = PBXBuildFile; fileRef = 2078B32122A6C43600A2ACA0 /* CALaunchScreen.storyboard */; };
		2078B32F22A6CAA000A2ACA0 /* CACar.swift in Sources */ = {isa = PBXBuildFile; fileRef = 2078B32E22A6CAA000A2ACA0 /* CACar.swift */; };
		2078B33322A6CD5F00A2ACA0 /* CACars.swift in Sources */ = {isa = PBXBuildFile; fileRef = 2078B33222A6CD5F00A2ACA0 /* CACars.swift */; };
		45F6A52128B67218BCC04B46 /* Pods_CarsApp.framework in Frameworks */ = {isa = PBXBuildFile; fileRef = 5EDC2E0E748D8ADDCE282D9B /* Pods_CarsApp.framework */; };
/* End PBXBuildFile section */

/* Begin PBXFileReference section */
		11DD0225CE7F8D49F8B68C3B /* Pods-CarsApp.release.xcconfig */ = {isa = PBXFileReference; includeInIndex = 1; lastKnownFileType = text.xcconfig; name = "Pods-CarsApp.release.xcconfig"; path = "Target Support Files/Pods-CarsApp/Pods-CarsApp.release.xcconfig"; sourceTree = "<group>"; };
		2078B31522A6C43500A2ACA0 /* CarsApp.app */ = {isa = PBXFileReference; explicitFileType = wrapper.application; includeInIndex = 0; path = CarsApp.app; sourceTree = BUILT_PRODUCTS_DIR; };
		2078B31822A6C43500A2ACA0 /* CAAppDelegate.swift */ = {isa = PBXFileReference; lastKnownFileType = sourcecode.swift; path = CAAppDelegate.swift; sourceTree = "<group>"; };
		2078B31A22A6C43500A2ACA0 /* CACarsListViewController.swift */ = {isa = PBXFileReference; lastKnownFileType = sourcecode.swift; path = CACarsListViewController.swift; sourceTree = "<group>"; };
		2078B31D22A6C43500A2ACA0 /* Base */ = {isa = PBXFileReference; lastKnownFileType = file.storyboard; name = Base; path = Base.lproj/CAScreens.storyboard; sourceTree = "<group>"; };
		2078B31F22A6C43600A2ACA0 /* Assets.xcassets */ = {isa = PBXFileReference; lastKnownFileType = folder.assetcatalog; path = Assets.xcassets; sourceTree = "<group>"; };
		2078B32222A6C43600A2ACA0 /* Base */ = {isa = PBXFileReference; lastKnownFileType = file.storyboard; name = Base; path = Base.lproj/CALaunchScreen.storyboard; sourceTree = "<group>"; };
		2078B32422A6C43600A2ACA0 /* Info.plist */ = {isa = PBXFileReference; lastKnownFileType = text.plist.xml; path = Info.plist; sourceTree = "<group>"; };
		2078B32E22A6CAA000A2ACA0 /* CACar.swift */ = {isa = PBXFileReference; lastKnownFileType = sourcecode.swift; path = CACar.swift; sourceTree = "<group>"; };
		2078B33222A6CD5F00A2ACA0 /* CACars.swift */ = {isa = PBXFileReference; lastKnownFileType = sourcecode.swift; path = CACars.swift; sourceTree = "<group>"; };
		5EDC2E0E748D8ADDCE282D9B /* Pods_CarsApp.framework */ = {isa = PBXFileReference; explicitFileType = wrapper.framework; includeInIndex = 0; path = Pods_CarsApp.framework; sourceTree = BUILT_PRODUCTS_DIR; };
		C644C2D06BB655D3EF76AE27 /* Pods-CarsApp.debug.xcconfig */ = {isa = PBXFileReference; includeInIndex = 1; lastKnownFileType = text.xcconfig; name = "Pods-CarsApp.debug.xcconfig"; path = "Target Support Files/Pods-CarsApp/Pods-CarsApp.debug.xcconfig"; sourceTree = "<group>"; };
/* End PBXFileReference section */

/* Begin PBXFrameworksBuildPhase section */
		2078B31222A6C43500A2ACA0 /* Frameworks */ = {
			isa = PBXFrameworksBuildPhase;
			buildActionMask = 2147483647;
			files = (
				45F6A52128B67218BCC04B46 /* Pods_CarsApp.framework in Frameworks */,
			);
			runOnlyForDeploymentPostprocessing = 0;
		};
/* End PBXFrameworksBuildPhase section */

/* Begin PBXGroup section */
		0D943FD46BD7C963B12A62A2 /* Pods */ = {
			isa = PBXGroup;
			children = (
				C644C2D06BB655D3EF76AE27 /* Pods-CarsApp.debug.xcconfig */,
				11DD0225CE7F8D49F8B68C3B /* Pods-CarsApp.release.xcconfig */,
			);
			path = Pods;
			sourceTree = "<group>";
		};
		2078B30C22A6C43500A2ACA0 = {
			isa = PBXGroup;
			children = (
				2078B31722A6C43500A2ACA0 /* CarsApp */,
				2078B31622A6C43500A2ACA0 /* Products */,
				0D943FD46BD7C963B12A62A2 /* Pods */,
				785CC63C86FC8063840F80DB /* Frameworks */,
			);
			sourceTree = "<group>";
		};
		2078B31622A6C43500A2ACA0 /* Products */ = {
			isa = PBXGroup;
			children = (
				2078B31522A6C43500A2ACA0 /* CarsApp.app */,
			);
			name = Products;
			sourceTree = "<group>";
		};
		2078B31722A6C43500A2ACA0 /* CarsApp */ = {
			isa = PBXGroup;
			children = (
				2078B32B22A6C64E00A2ACA0 /* sources */,
				2078B32A22A6C64400A2ACA0 /* storyboards */,
				2078B32C22A6C67C00A2ACA0 /* resources */,
			);
			path = CarsApp;
			sourceTree = "<group>";
		};
		2078B32A22A6C64400A2ACA0 /* storyboards */ = {
			isa = PBXGroup;
			children = (
				2078B31C22A6C43500A2ACA0 /* CAScreens.storyboard */,
				2078B32122A6C43600A2ACA0 /* CALaunchScreen.storyboard */,
			);
			path = storyboards;
			sourceTree = "<group>";
		};
		2078B32B22A6C64E00A2ACA0 /* sources */ = {
			isa = PBXGroup;
			children = (
				2078B31822A6C43500A2ACA0 /* CAAppDelegate.swift */,
				2078B32D22A6CA6500A2ACA0 /* CarsList */,
			);
			path = sources;
			sourceTree = "<group>";
		};
		2078B32C22A6C67C00A2ACA0 /* resources */ = {
			isa = PBXGroup;
			children = (
				2078B31F22A6C43600A2ACA0 /* Assets.xcassets */,
				2078B32422A6C43600A2ACA0 /* Info.plist */,
			);
			path = resources;
			sourceTree = "<group>";
		};
		2078B32D22A6CA6500A2ACA0 /* CarsList */ = {
			isa = PBXGroup;
			children = (
				2078B33122A6CAAB00A2ACA0 /* view */,
				2078B33022A6CAA400A2ACA0 /* model */,
			);
			path = CarsList;
			sourceTree = "<group>";
		};
		2078B33022A6CAA400A2ACA0 /* model */ = {
			isa = PBXGroup;
			children = (
				2078B32E22A6CAA000A2ACA0 /* CACar.swift */,
				2078B33222A6CD5F00A2ACA0 /* CACars.swift */,
			);
			path = model;
			sourceTree = "<group>";
		};
		2078B33122A6CAAB00A2ACA0 /* view */ = {
			isa = PBXGroup;
			children = (
				2078B31A22A6C43500A2ACA0 /* CACarsListViewController.swift */,
			);
			path = view;
			sourceTree = "<group>";
		};
		785CC63C86FC8063840F80DB /* Frameworks */ = {
			isa = PBXGroup;
			children = (
				5EDC2E0E748D8ADDCE282D9B /* Pods_CarsApp.framework */,
			);
			name = Frameworks;
			sourceTree = "<group>";
		};
/* End PBXGroup section */

/* Begin PBXNativeTarget section */
		2078B31422A6C43500A2ACA0 /* CarsApp */ = {
			isa = PBXNativeTarget;
			buildConfigurationList = 2078B32722A6C43600A2ACA0 /* Build configuration list for PBXNativeTarget "CarsApp" */;
			buildPhases = (
				8BDD84DC28515DC181AE0D71 /* [CP] Check Pods Manifest.lock */,
				2078B31122A6C43500A2ACA0 /* Sources */,
				2078B31222A6C43500A2ACA0 /* Frameworks */,
				2078B31322A6C43500A2ACA0 /* Resources */,
				00CCEAF9FFCBB0AF2DBB05B1 /* [CP] Embed Pods Frameworks */,
			);
			buildRules = (
			);
			dependencies = (
			);
			name = CarsApp;
			productName = CarsApp;
			productReference = 2078B31522A6C43500A2ACA0 /* CarsApp.app */;
			productType = "com.apple.product-type.application";
		};
/* End PBXNativeTarget section */

/* Begin PBXProject section */
		2078B30D22A6C43500A2ACA0 /* Project object */ = {
			isa = PBXProject;
			attributes = {
				LastSwiftUpdateCheck = 1020;
				LastUpgradeCheck = 1020;
				ORGANIZATIONNAME = Vinso;
				TargetAttributes = {
					2078B31422A6C43500A2ACA0 = {
						CreatedOnToolsVersion = 10.2.1;
					};
				};
			};
			buildConfigurationList = 2078B31022A6C43500A2ACA0 /* Build configuration list for PBXProject "CarsApp" */;
			compatibilityVersion = "Xcode 9.3";
			developmentRegion = en;
			hasScannedForEncodings = 0;
			knownRegions = (
				en,
				Base,
			);
			mainGroup = 2078B30C22A6C43500A2ACA0;
			productRefGroup = 2078B31622A6C43500A2ACA0 /* Products */;
			projectDirPath = "";
			projectRoot = "";
			targets = (
				2078B31422A6C43500A2ACA0 /* CarsApp */,
			);
		};
/* End PBXProject section */

/* Begin PBXResourcesBuildPhase section */
		2078B31322A6C43500A2ACA0 /* Resources */ = {
			isa = PBXResourcesBuildPhase;
			buildActionMask = 2147483647;
			files = (
				2078B32322A6C43600A2ACA0 /* CALaunchScreen.storyboard in Resources */,
				2078B32022A6C43600A2ACA0 /* Assets.xcassets in Resources */,
				2078B31E22A6C43500A2ACA0 /* CAScreens.storyboard in Resources */,
			);
			runOnlyForDeploymentPostprocessing = 0;
		};
/* End PBXResourcesBuildPhase section */

/* Begin PBXShellScriptBuildPhase section */
		00CCEAF9FFCBB0AF2DBB05B1 /* [CP] Embed Pods Frameworks */ = {
			isa = PBXShellScriptBuildPhase;
			buildActionMask = 2147483647;
			files = (
			);
			inputFileListPaths = (
			);
			inputPaths = (
				"${PODS_ROOT}/Target Support Files/Pods-CarsApp/Pods-CarsApp-frameworks.sh",
				"${BUILT_PRODUCTS_DIR}/Alamofire/Alamofire.framework",
				"${BUILT_PRODUCTS_DIR}/Moya/Moya.framework",
				"${BUILT_PRODUCTS_DIR}/Result/Result.framework",
			);
			name = "[CP] Embed Pods Frameworks";
			outputFileListPaths = (
			);
			outputPaths = (
				"${TARGET_BUILD_DIR}/${FRAMEWORKS_FOLDER_PATH}/Alamofire.framework",
				"${TARGET_BUILD_DIR}/${FRAMEWORKS_FOLDER_PATH}/Moya.framework",
				"${TARGET_BUILD_DIR}/${FRAMEWORKS_FOLDER_PATH}/Result.framework",
			);
			runOnlyForDeploymentPostprocessing = 0;
			shellPath = /bin/sh;
			shellScript = "\"${PODS_ROOT}/Target Support Files/Pods-CarsApp/Pods-CarsApp-frameworks.sh\"\n";
			showEnvVarsInLog = 0;
		};
		8BDD84DC28515DC181AE0D71 /* [CP] Check Pods Manifest.lock */ = {
			isa = PBXShellScriptBuildPhase;
			buildActionMask = 2147483647;
			files = (
			);
			inputFileListPaths = (
			);
			inputPaths = (
				"${PODS_PODFILE_DIR_PATH}/Podfile.lock",
				"${PODS_ROOT}/Manifest.lock",
			);
			name = "[CP] Check Pods Manifest.lock";
			outputFileListPaths = (
			);
			outputPaths = (
				"$(DERIVED_FILE_DIR)/Pods-CarsApp-checkManifestLockResult.txt",
			);
			runOnlyForDeploymentPostprocessing = 0;
			shellPath = /bin/sh;
			shellScript = "diff \"${PODS_PODFILE_DIR_PATH}/Podfile.lock\" \"${PODS_ROOT}/Manifest.lock\" > /dev/null\nif [ $? != 0 ] ; then\n    # print error to STDERR\n    echo \"error: The sandbox is not in sync with the Podfile.lock. Run 'pod install' or update your CocoaPods installation.\" >&2\n    exit 1\nfi\n# This output is used by Xcode 'outputs' to avoid re-running this script phase.\necho \"SUCCESS\" > \"${SCRIPT_OUTPUT_FILE_0}\"\n";
			showEnvVarsInLog = 0;
		};
/* End PBXShellScriptBuildPhase section */

/* Begin PBXSourcesBuildPhase section */
		2078B31122A6C43500A2ACA0 /* Sources */ = {
			isa = PBXSourcesBuildPhase;
			buildActionMask = 2147483647;
			files = (
				2078B33322A6CD5F00A2ACA0 /* CACars.swift in Sources */,
				2078B32F22A6CAA000A2ACA0 /* CACar.swift in Sources */,
				2078B31B22A6C43500A2ACA0 /* CACarsListViewController.swift in Sources */,
				2078B31922A6C43500A2ACA0 /* CAAppDelegate.swift in Sources */,
			);
			runOnlyForDeploymentPostprocessing = 0;
		};
/* End PBXSourcesBuildPhase section */

/* Begin PBXVariantGroup section */
		2078B31C22A6C43500A2ACA0 /* CAScreens.storyboard */ = {
			isa = PBXVariantGroup;
			children = (
				2078B31D22A6C43500A2ACA0 /* Base */,
			);
			name = CAScreens.storyboard;
			sourceTree = "<group>";
		};
		2078B32122A6C43600A2ACA0 /* CALaunchScreen.storyboard */ = {
			isa = PBXVariantGroup;
			children = (
				2078B32222A6C43600A2ACA0 /* Base */,
			);
			name = CALaunchScreen.storyboard;
			sourceTree = "<group>";
		};
/* End PBXVariantGroup section */

/* Begin XCBuildConfiguration section */
		2078B32522A6C43600A2ACA0 /* Debug */ = {
			isa = XCBuildConfiguration;
			buildSettings = {
				ALWAYS_SEARCH_USER_PATHS = NO;
				CLANG_ANALYZER_NONNULL = YES;
				CLANG_ANALYZER_NUMBER_OBJECT_CONVERSION = YES_AGGRESSIVE;
				CLANG_CXX_LANGUAGE_STANDARD = "gnu++14";
				CLANG_CXX_LIBRARY = "libc++";
				CLANG_ENABLE_MODULES = YES;
				CLANG_ENABLE_OBJC_ARC = YES;
				CLANG_ENABLE_OBJC_WEAK = YES;
				CLANG_WARN_BLOCK_CAPTURE_AUTORELEASING = YES;
				CLANG_WARN_BOOL_CONVERSION = YES;
				CLANG_WARN_COMMA = YES;
				CLANG_WARN_CONSTANT_CONVERSION = YES;
				CLANG_WARN_DEPRECATED_OBJC_IMPLEMENTATIONS = YES;
				CLANG_WARN_DIRECT_OBJC_ISA_USAGE = YES_ERROR;
				CLANG_WARN_DOCUMENTATION_COMMENTS = YES;
				CLANG_WARN_EMPTY_BODY = YES;
				CLANG_WARN_ENUM_CONVERSION = YES;
				CLANG_WARN_INFINITE_RECURSION = YES;
				CLANG_WARN_INT_CONVERSION = YES;
				CLANG_WARN_NON_LITERAL_NULL_CONVERSION = YES;
				CLANG_WARN_OBJC_IMPLICIT_RETAIN_SELF = YES;
				CLANG_WARN_OBJC_LITERAL_CONVERSION = YES;
				CLANG_WARN_OBJC_ROOT_CLASS = YES_ERROR;
				CLANG_WARN_RANGE_LOOP_ANALYSIS = YES;
				CLANG_WARN_STRICT_PROTOTYPES = YES;
				CLANG_WARN_SUSPICIOUS_MOVE = YES;
				CLANG_WARN_UNGUARDED_AVAILABILITY = YES_AGGRESSIVE;
				CLANG_WARN_UNREACHABLE_CODE = YES;
				CLANG_WARN__DUPLICATE_METHOD_MATCH = YES;
				CODE_SIGN_IDENTITY = "iPhone Developer";
				COPY_PHASE_STRIP = NO;
				DEBUG_INFORMATION_FORMAT = dwarf;
				ENABLE_STRICT_OBJC_MSGSEND = YES;
				ENABLE_TESTABILITY = YES;
				GCC_C_LANGUAGE_STANDARD = gnu11;
				GCC_DYNAMIC_NO_PIC = NO;
				GCC_NO_COMMON_BLOCKS = YES;
				GCC_OPTIMIZATION_LEVEL = 0;
				GCC_PREPROCESSOR_DEFINITIONS = (
					"DEBUG=1",
					"$(inherited)",
				);
				GCC_WARN_64_TO_32_BIT_CONVERSION = YES;
				GCC_WARN_ABOUT_RETURN_TYPE = YES_ERROR;
				GCC_WARN_UNDECLARED_SELECTOR = YES;
				GCC_WARN_UNINITIALIZED_AUTOS = YES_AGGRESSIVE;
				GCC_WARN_UNUSED_FUNCTION = YES;
				GCC_WARN_UNUSED_VARIABLE = YES;
				IPHONEOS_DEPLOYMENT_TARGET = 12.2;
				MTL_ENABLE_DEBUG_INFO = INCLUDE_SOURCE;
				MTL_FAST_MATH = YES;
				ONLY_ACTIVE_ARCH = YES;
				SDKROOT = iphoneos;
				SWIFT_ACTIVE_COMPILATION_CONDITIONS = DEBUG;
				SWIFT_OPTIMIZATION_LEVEL = "-Onone";
			};
			name = Debug;
		};
		2078B32622A6C43600A2ACA0 /* Release */ = {
			isa = XCBuildConfiguration;
			buildSettings = {
				ALWAYS_SEARCH_USER_PATHS = NO;
				CLANG_ANALYZER_NONNULL = YES;
				CLANG_ANALYZER_NUMBER_OBJECT_CONVERSION = YES_AGGRESSIVE;
				CLANG_CXX_LANGUAGE_STANDARD = "gnu++14";
				CLANG_CXX_LIBRARY = "libc++";
				CLANG_ENABLE_MODULES = YES;
				CLANG_ENABLE_OBJC_ARC = YES;
				CLANG_ENABLE_OBJC_WEAK = YES;
				CLANG_WARN_BLOCK_CAPTURE_AUTORELEASING = YES;
				CLANG_WARN_BOOL_CONVERSION = YES;
				CLANG_WARN_COMMA = YES;
				CLANG_WARN_CONSTANT_CONVERSION = YES;
				CLANG_WARN_DEPRECATED_OBJC_IMPLEMENTATIONS = YES;
				CLANG_WARN_DIRECT_OBJC_ISA_USAGE = YES_ERROR;
				CLANG_WARN_DOCUMENTATION_COMMENTS = YES;
				CLANG_WARN_EMPTY_BODY = YES;
				CLANG_WARN_ENUM_CONVERSION = YES;
				CLANG_WARN_INFINITE_RECURSION = YES;
				CLANG_WARN_INT_CONVERSION = YES;
				CLANG_WARN_NON_LITERAL_NULL_CONVERSION = YES;
				CLANG_WARN_OBJC_IMPLICIT_RETAIN_SELF = YES;
				CLANG_WARN_OBJC_LITERAL_CONVERSION = YES;
				CLANG_WARN_OBJC_ROOT_CLASS = YES_ERROR;
				CLANG_WARN_RANGE_LOOP_ANALYSIS = YES;
				CLANG_WARN_STRICT_PROTOTYPES = YES;
				CLANG_WARN_SUSPICIOUS_MOVE = YES;
				CLANG_WARN_UNGUARDED_AVAILABILITY = YES_AGGRESSIVE;
				CLANG_WARN_UNREACHABLE_CODE = YES;
				CLANG_WARN__DUPLICATE_METHOD_MATCH = YES;
				CODE_SIGN_IDENTITY = "iPhone Developer";
				COPY_PHASE_STRIP = NO;
				DEBUG_INFORMATION_FORMAT = "dwarf-with-dsym";
				ENABLE_NS_ASSERTIONS = NO;
				ENABLE_STRICT_OBJC_MSGSEND = YES;
				GCC_C_LANGUAGE_STANDARD = gnu11;
				GCC_NO_COMMON_BLOCKS = YES;
				GCC_WARN_64_TO_32_BIT_CONVERSION = YES;
				GCC_WARN_ABOUT_RETURN_TYPE = YES_ERROR;
				GCC_WARN_UNDECLARED_SELECTOR = YES;
				GCC_WARN_UNINITIALIZED_AUTOS = YES_AGGRESSIVE;
				GCC_WARN_UNUSED_FUNCTION = YES;
				GCC_WARN_UNUSED_VARIABLE = YES;
				IPHONEOS_DEPLOYMENT_TARGET = 12.2;
				MTL_ENABLE_DEBUG_INFO = NO;
				MTL_FAST_MATH = YES;
				SDKROOT = iphoneos;
				SWIFT_COMPILATION_MODE = wholemodule;
				SWIFT_OPTIMIZATION_LEVEL = "-O";
				VALIDATE_PRODUCT = YES;
			};
			name = Release;
		};
		2078B32822A6C43600A2ACA0 /* Debug */ = {
			isa = XCBuildConfiguration;
			baseConfigurationReference = C644C2D06BB655D3EF76AE27 /* Pods-CarsApp.debug.xcconfig */;
			buildSettings = {
				ASSETCATALOG_COMPILER_APPICON_NAME = AppIcon;
				CODE_SIGN_STYLE = Automatic;
				DEVELOPMENT_TEAM = RQ8948VJT6;
				INFOPLIST_FILE = CarsApp/resources/Info.plist;
				IPHONEOS_DEPLOYMENT_TARGET = 11.0;
				LD_RUNPATH_SEARCH_PATHS = (
					"$(inherited)",
					"@executable_path/Frameworks",
				);
				PRODUCT_BUNDLE_IDENTIFIER = com.vinso.carsapp;
				PRODUCT_NAME = "$(TARGET_NAME)";
				SWIFT_VERSION = 5.0;
				TARGETED_DEVICE_FAMILY = "1,2";
			};
			name = Debug;
		};
		2078B32922A6C43600A2ACA0 /* Release */ = {
			isa = XCBuildConfiguration;
			baseConfigurationReference = 11DD0225CE7F8D49F8B68C3B /* Pods-CarsApp.release.xcconfig */;
			buildSettings = {
				ASSETCATALOG_COMPILER_APPICON_NAME = AppIcon;
				CODE_SIGN_STYLE = Automatic;
				DEVELOPMENT_TEAM = RQ8948VJT6;
				INFOPLIST_FILE = CarsApp/resources/Info.plist;
				IPHONEOS_DEPLOYMENT_TARGET = 11.0;
				LD_RUNPATH_SEARCH_PATHS = (
					"$(inherited)",
					"@executable_path/Frameworks",
				);
				PRODUCT_BUNDLE_IDENTIFIER = com.vinso.carsapp;
				PRODUCT_NAME = "$(TARGET_NAME)";
				SWIFT_VERSION = 5.0;
				TARGETED_DEVICE_FAMILY = "1,2";
			};
			name = Release;
		};
/* End XCBuildConfiguration section */

/* Begin XCConfigurationList section */
		2078B31022A6C43500A2ACA0 /* Build configuration list for PBXProject "CarsApp" */ = {
			isa = XCConfigurationList;
			buildConfigurations = (
				2078B32522A6C43600A2ACA0 /* Debug */,
				2078B32622A6C43600A2ACA0 /* Release */,
			);
			defaultConfigurationIsVisible = 0;
			defaultConfigurationName = Release;
		};
		2078B32722A6C43600A2ACA0 /* Build configuration list for PBXNativeTarget "CarsApp" */ = {
			isa = XCConfigurationList;
			buildConfigurations = (
				2078B32822A6C43600A2ACA0 /* Debug */,
				2078B32922A6C43600A2ACA0 /* Release */,
			);
			defaultConfigurationIsVisible = 0;
			defaultConfigurationName = Release;
		};
/* End XCConfigurationList section */
	};
	rootObject = 2078B30D22A6C43500A2ACA0 /* Project object */;
}
