// !$*UTF8*$!
{
	archiveVersion = 1;
	classes = {
	};
	objectVersion = 50;
	objects = {

/* Begin PBXBuildFile section */
		2023422422A85945007D1CB3 /* CACarsLocationsViewModel.swift in Sources */ = {isa = PBXBuildFile; fileRef = 2023422322A85945007D1CB3 /* CACarsLocationsViewModel.swift */; };
		2023422722A8595F007D1CB3 /* CACarsLocationsViewModelProtocol.swift in Sources */ = {isa = PBXBuildFile; fileRef = 2023422622A8595F007D1CB3 /* CACarsLocationsViewModelProtocol.swift */; };
		2023422A22A85A95007D1CB3 /* CACarAnnotation.swift in Sources */ = {isa = PBXBuildFile; fileRef = 2023422922A85A95007D1CB3 /* CACarAnnotation.swift */; };
		2023422D22A8624E007D1CB3 /* CAConstants.swift in Sources */ = {isa = PBXBuildFile; fileRef = 2023422C22A8624E007D1CB3 /* CAConstants.swift */; };
		2023423022A8768D007D1CB3 /* CALocalizable.strings in Resources */ = {isa = PBXBuildFile; fileRef = 2023423222A8768D007D1CB3 /* CALocalizable.strings */; };
		2023423822A87EBE007D1CB3 /* CACars.xcdatamodeld in Sources */ = {isa = PBXBuildFile; fileRef = 2023423622A87EBE007D1CB3 /* CACars.xcdatamodeld */; };
		2023423A22A883D8007D1CB3 /* CACarsListViewModel+UITableViewDelegate.swift in Sources */ = {isa = PBXBuildFile; fileRef = 2023423922A883D8007D1CB3 /* CACarsListViewModel+UITableViewDelegate.swift */; };
		2048051F22A78AC60026F96B /* CACarsLocationsViewController.swift in Sources */ = {isa = PBXBuildFile; fileRef = 2048051E22A78AC60026F96B /* CACarsLocationsViewController.swift */; };
		207416E822A9430C0077CAC7 /* CACoreDataManager.swift in Sources */ = {isa = PBXBuildFile; fileRef = 207416E722A9430C0077CAC7 /* CACoreDataManager.swift */; };
		2078B31922A6C43500A2ACA0 /* CAAppDelegate.swift in Sources */ = {isa = PBXBuildFile; fileRef = 2078B31822A6C43500A2ACA0 /* CAAppDelegate.swift */; };
		2078B31B22A6C43500A2ACA0 /* CACarsListViewController.swift in Sources */ = {isa = PBXBuildFile; fileRef = 2078B31A22A6C43500A2ACA0 /* CACarsListViewController.swift */; };
		2078B31E22A6C43500A2ACA0 /* CAScreens.storyboard in Resources */ = {isa = PBXBuildFile; fileRef = 2078B31C22A6C43500A2ACA0 /* CAScreens.storyboard */; };
		2078B32022A6C43600A2ACA0 /* Assets.xcassets in Resources */ = {isa = PBXBuildFile; fileRef = 2078B31F22A6C43600A2ACA0 /* Assets.xcassets */; };
		2078B32322A6C43600A2ACA0 /* CALaunchScreen.storyboard in Resources */ = {isa = PBXBuildFile; fileRef = 2078B32122A6C43600A2ACA0 /* CALaunchScreen.storyboard */; };
		2078B32F22A6CAA000A2ACA0 /* CACar.swift in Sources */ = {isa = PBXBuildFile; fileRef = 2078B32E22A6CAA000A2ACA0 /* CACar.swift */; };
		2078B33322A6CD5F00A2ACA0 /* CACarsResult.swift in Sources */ = {isa = PBXBuildFile; fileRef = 2078B33222A6CD5F00A2ACA0 /* CACarsResult.swift */; };
		2078B33522A6CEBB00A2ACA0 /* CACarsAPI.swift in Sources */ = {isa = PBXBuildFile; fileRef = 2078B33422A6CEBB00A2ACA0 /* CACarsAPI.swift */; };
		2078B33822A6DE4C00A2ACA0 /* CANetworkManager.swift in Sources */ = {isa = PBXBuildFile; fileRef = 2078B33722A6DE4C00A2ACA0 /* CANetworkManager.swift */; };
		20B1BC4322A9902900CD97D3 /* CAImageStore.swift in Sources */ = {isa = PBXBuildFile; fileRef = 20B1BC4222A9902900CD97D3 /* CAImageStore.swift */; };
		20B1BC4622A9905200CD97D3 /* CACarEntity+CoreDataClass.swift in Sources */ = {isa = PBXBuildFile; fileRef = 20B1BC4422A9905200CD97D3 /* CACarEntity+CoreDataClass.swift */; };
		20B1BC4722A9905200CD97D3 /* CACarEntity+CoreDataProperties.swift in Sources */ = {isa = PBXBuildFile; fileRef = 20B1BC4522A9905200CD97D3 /* CACarEntity+CoreDataProperties.swift */; };
		20B1BC4A22A9906900CD97D3 /* CADatabaseProtocol.swift in Sources */ = {isa = PBXBuildFile; fileRef = 20B1BC4922A9906900CD97D3 /* CADatabaseProtocol.swift */; };
		20B1BC4D22A997AC00CD97D3 /* CAImageStoreProtocol.swift in Sources */ = {isa = PBXBuildFile; fileRef = 20B1BC4C22A997AC00CD97D3 /* CAImageStoreProtocol.swift */; };
		20B1BC4F22A9982600CD97D3 /* CAImageDownloadManagerProtocol.swift in Sources */ = {isa = PBXBuildFile; fileRef = 20B1BC4E22A9982600CD97D3 /* CAImageDownloadManagerProtocol.swift */; };
		20B1BC5122A9C2DA00CD97D3 /* CACarsListModuleInitializer.swift in Sources */ = {isa = PBXBuildFile; fileRef = 20B1BC5022A9C2DA00CD97D3 /* CACarsListModuleInitializer.swift */; };
		20B1BC5322A9C2E800CD97D3 /* CACarsListModuleAssembly.swift in Sources */ = {isa = PBXBuildFile; fileRef = 20B1BC5222A9C2E800CD97D3 /* CACarsListModuleAssembly.swift */; };
		20B1BC5522A9C4FB00CD97D3 /* CACarsLocationsModuleInitializer.swift in Sources */ = {isa = PBXBuildFile; fileRef = 20B1BC5422A9C4FB00CD97D3 /* CACarsLocationsModuleInitializer.swift */; };
		20B1BC5722A9C51500CD97D3 /* CACarsLocationsModuleAssembly.swift in Sources */ = {isa = PBXBuildFile; fileRef = 20B1BC5622A9C51500CD97D3 /* CACarsLocationsModuleAssembly.swift */; };
		20D9D5D022A7055D009675FC /* CACarListCell.swift in Sources */ = {isa = PBXBuildFile; fileRef = 20D9D5CF22A7055D009675FC /* CACarListCell.swift */; };
		20D9D5D222A70C97009675FC /* CACarsDataSource.swift in Sources */ = {isa = PBXBuildFile; fileRef = 20D9D5D122A70C97009675FC /* CACarsDataSource.swift */; };
		20D9D5D422A70CDD009675FC /* CACarsListViewModel.swift in Sources */ = {isa = PBXBuildFile; fileRef = 20D9D5D322A70CDD009675FC /* CACarsListViewModel.swift */; };
		20D9D5D722A712F9009675FC /* CACarsListViewControllerInputProtocol.swift in Sources */ = {isa = PBXBuildFile; fileRef = 20D9D5D622A712F9009675FC /* CACarsListViewControllerInputProtocol.swift */; };
		20D9D5DB22A71322009675FC /* CACarsListViewModelProtocol.swift in Sources */ = {isa = PBXBuildFile; fileRef = 20D9D5DA22A71322009675FC /* CACarsListViewModelProtocol.swift */; };
		20D9D5DF22A718B9009675FC /* CAOperation.swift in Sources */ = {isa = PBXBuildFile; fileRef = 20D9D5DD22A718B9009675FC /* CAOperation.swift */; };
		20D9D5E022A718B9009675FC /* CAImageDownloadManager.swift in Sources */ = {isa = PBXBuildFile; fileRef = 20D9D5DE22A718B9009675FC /* CAImageDownloadManager.swift */; };
		45F6A52128B67218BCC04B46 /* Pods_CarsApp.framework in Frameworks */ = {isa = PBXBuildFile; fileRef = 5EDC2E0E748D8ADDCE282D9B /* Pods_CarsApp.framework */; };
/* End PBXBuildFile section */

/* Begin PBXFileReference section */
		11DD0225CE7F8D49F8B68C3B /* Pods-CarsApp.release.xcconfig */ = {isa = PBXFileReference; includeInIndex = 1; lastKnownFileType = text.xcconfig; name = "Pods-CarsApp.release.xcconfig"; path = "Target Support Files/Pods-CarsApp/Pods-CarsApp.release.xcconfig"; sourceTree = "<group>"; };
		2023422322A85945007D1CB3 /* CACarsLocationsViewModel.swift */ = {isa = PBXFileReference; lastKnownFileType = sourcecode.swift; path = CACarsLocationsViewModel.swift; sourceTree = "<group>"; };
		2023422622A8595F007D1CB3 /* CACarsLocationsViewModelProtocol.swift */ = {isa = PBXFileReference; lastKnownFileType = sourcecode.swift; path = CACarsLocationsViewModelProtocol.swift; sourceTree = "<group>"; };
		2023422922A85A95007D1CB3 /* CACarAnnotation.swift */ = {isa = PBXFileReference; lastKnownFileType = sourcecode.swift; path = CACarAnnotation.swift; sourceTree = "<group>"; };
		2023422C22A8624E007D1CB3 /* CAConstants.swift */ = {isa = PBXFileReference; lastKnownFileType = sourcecode.swift; path = CAConstants.swift; sourceTree = "<group>"; };
		2023423122A8768D007D1CB3 /* en */ = {isa = PBXFileReference; lastKnownFileType = text.plist.strings; name = en; path = en.lproj/CALocalizable.strings; sourceTree = "<group>"; };
		2023423322A87710007D1CB3 /* uk */ = {isa = PBXFileReference; lastKnownFileType = text.plist.strings; name = uk; path = uk.lproj/CAScreens.strings; sourceTree = "<group>"; };
		2023423422A87710007D1CB3 /* uk */ = {isa = PBXFileReference; lastKnownFileType = text.plist.strings; name = uk; path = uk.lproj/CALaunchScreen.strings; sourceTree = "<group>"; };
		2023423522A87710007D1CB3 /* uk */ = {isa = PBXFileReference; lastKnownFileType = text.plist.strings; name = uk; path = uk.lproj/CALocalizable.strings; sourceTree = "<group>"; };
		2023423722A87EBE007D1CB3 /* CACars.xcdatamodel */ = {isa = PBXFileReference; lastKnownFileType = wrapper.xcdatamodel; path = CACars.xcdatamodel; sourceTree = "<group>"; };
		2023423922A883D8007D1CB3 /* CACarsListViewModel+UITableViewDelegate.swift */ = {isa = PBXFileReference; lastKnownFileType = sourcecode.swift; path = "CACarsListViewModel+UITableViewDelegate.swift"; sourceTree = "<group>"; };
		2048051E22A78AC60026F96B /* CACarsLocationsViewController.swift */ = {isa = PBXFileReference; lastKnownFileType = sourcecode.swift; path = CACarsLocationsViewController.swift; sourceTree = "<group>"; };
		207416E722A9430C0077CAC7 /* CACoreDataManager.swift */ = {isa = PBXFileReference; lastKnownFileType = sourcecode.swift; path = CACoreDataManager.swift; sourceTree = "<group>"; };
		2078B31522A6C43500A2ACA0 /* CarsApp.app */ = {isa = PBXFileReference; explicitFileType = wrapper.application; includeInIndex = 0; path = CarsApp.app; sourceTree = BUILT_PRODUCTS_DIR; };
		2078B31822A6C43500A2ACA0 /* CAAppDelegate.swift */ = {isa = PBXFileReference; lastKnownFileType = sourcecode.swift; path = CAAppDelegate.swift; sourceTree = "<group>"; };
		2078B31A22A6C43500A2ACA0 /* CACarsListViewController.swift */ = {isa = PBXFileReference; lastKnownFileType = sourcecode.swift; path = CACarsListViewController.swift; sourceTree = "<group>"; };
		2078B31D22A6C43500A2ACA0 /* Base */ = {isa = PBXFileReference; lastKnownFileType = file.storyboard; name = Base; path = Base.lproj/CAScreens.storyboard; sourceTree = "<group>"; };
		2078B31F22A6C43600A2ACA0 /* Assets.xcassets */ = {isa = PBXFileReference; lastKnownFileType = folder.assetcatalog; path = Assets.xcassets; sourceTree = "<group>"; };
		2078B32222A6C43600A2ACA0 /* Base */ = {isa = PBXFileReference; lastKnownFileType = file.storyboard; name = Base; path = Base.lproj/CALaunchScreen.storyboard; sourceTree = "<group>"; };
		2078B32422A6C43600A2ACA0 /* Info.plist */ = {isa = PBXFileReference; lastKnownFileType = text.plist.xml; path = Info.plist; sourceTree = "<group>"; };
		2078B32E22A6CAA000A2ACA0 /* CACar.swift */ = {isa = PBXFileReference; lastKnownFileType = sourcecode.swift; path = CACar.swift; sourceTree = "<group>"; };
		2078B33222A6CD5F00A2ACA0 /* CACarsResult.swift */ = {isa = PBXFileReference; lastKnownFileType = sourcecode.swift; path = CACarsResult.swift; sourceTree = "<group>"; };
		2078B33422A6CEBB00A2ACA0 /* CACarsAPI.swift */ = {isa = PBXFileReference; lastKnownFileType = sourcecode.swift; path = CACarsAPI.swift; sourceTree = "<group>"; };
		2078B33722A6DE4C00A2ACA0 /* CANetworkManager.swift */ = {isa = PBXFileReference; lastKnownFileType = sourcecode.swift; path = CANetworkManager.swift; sourceTree = "<group>"; };
		20B1BC4222A9902900CD97D3 /* CAImageStore.swift */ = {isa = PBXFileReference; lastKnownFileType = sourcecode.swift; path = CAImageStore.swift; sourceTree = "<group>"; };
		20B1BC4422A9905200CD97D3 /* CACarEntity+CoreDataClass.swift */ = {isa = PBXFileReference; fileEncoding = 4; lastKnownFileType = sourcecode.swift; path = "CACarEntity+CoreDataClass.swift"; sourceTree = "<group>"; };
		20B1BC4522A9905200CD97D3 /* CACarEntity+CoreDataProperties.swift */ = {isa = PBXFileReference; fileEncoding = 4; lastKnownFileType = sourcecode.swift; path = "CACarEntity+CoreDataProperties.swift"; sourceTree = "<group>"; };
		20B1BC4922A9906900CD97D3 /* CADatabaseProtocol.swift */ = {isa = PBXFileReference; lastKnownFileType = sourcecode.swift; path = CADatabaseProtocol.swift; sourceTree = "<group>"; };
		20B1BC4C22A997AC00CD97D3 /* CAImageStoreProtocol.swift */ = {isa = PBXFileReference; lastKnownFileType = sourcecode.swift; path = CAImageStoreProtocol.swift; sourceTree = "<group>"; };
		20B1BC4E22A9982600CD97D3 /* CAImageDownloadManagerProtocol.swift */ = {isa = PBXFileReference; lastKnownFileType = sourcecode.swift; path = CAImageDownloadManagerProtocol.swift; sourceTree = "<group>"; };
		20B1BC5022A9C2DA00CD97D3 /* CACarsListModuleInitializer.swift */ = {isa = PBXFileReference; lastKnownFileType = sourcecode.swift; path = CACarsListModuleInitializer.swift; sourceTree = "<group>"; };
		20B1BC5222A9C2E800CD97D3 /* CACarsListModuleAssembly.swift */ = {isa = PBXFileReference; lastKnownFileType = sourcecode.swift; path = CACarsListModuleAssembly.swift; sourceTree = "<group>"; };
		20B1BC5422A9C4FB00CD97D3 /* CACarsLocationsModuleInitializer.swift */ = {isa = PBXFileReference; lastKnownFileType = sourcecode.swift; path = CACarsLocationsModuleInitializer.swift; sourceTree = "<group>"; };
		20B1BC5622A9C51500CD97D3 /* CACarsLocationsModuleAssembly.swift */ = {isa = PBXFileReference; lastKnownFileType = sourcecode.swift; path = CACarsLocationsModuleAssembly.swift; sourceTree = "<group>"; };
		20D9D5CF22A7055D009675FC /* CACarListCell.swift */ = {isa = PBXFileReference; lastKnownFileType = sourcecode.swift; path = CACarListCell.swift; sourceTree = "<group>"; };
		20D9D5D122A70C97009675FC /* CACarsDataSource.swift */ = {isa = PBXFileReference; lastKnownFileType = sourcecode.swift; path = CACarsDataSource.swift; sourceTree = "<group>"; };
		20D9D5D322A70CDD009675FC /* CACarsListViewModel.swift */ = {isa = PBXFileReference; lastKnownFileType = sourcecode.swift; path = CACarsListViewModel.swift; sourceTree = "<group>"; };
		20D9D5D622A712F9009675FC /* CACarsListViewControllerInputProtocol.swift */ = {isa = PBXFileReference; lastKnownFileType = sourcecode.swift; path = CACarsListViewControllerInputProtocol.swift; sourceTree = "<group>"; };
		20D9D5DA22A71322009675FC /* CACarsListViewModelProtocol.swift */ = {isa = PBXFileReference; lastKnownFileType = sourcecode.swift; path = CACarsListViewModelProtocol.swift; sourceTree = "<group>"; };
		20D9D5DD22A718B9009675FC /* CAOperation.swift */ = {isa = PBXFileReference; fileEncoding = 4; lastKnownFileType = sourcecode.swift; path = CAOperation.swift; sourceTree = "<group>"; };
		20D9D5DE22A718B9009675FC /* CAImageDownloadManager.swift */ = {isa = PBXFileReference; fileEncoding = 4; lastKnownFileType = sourcecode.swift; path = CAImageDownloadManager.swift; sourceTree = "<group>"; };
		5EDC2E0E748D8ADDCE282D9B /* Pods_CarsApp.framework */ = {isa = PBXFileReference; explicitFileType = wrapper.framework; includeInIndex = 0; path = Pods_CarsApp.framework; sourceTree = BUILT_PRODUCTS_DIR; };
		C644C2D06BB655D3EF76AE27 /* Pods-CarsApp.debug.xcconfig */ = {isa = PBXFileReference; includeInIndex = 1; lastKnownFileType = text.xcconfig; name = "Pods-CarsApp.debug.xcconfig"; path = "Target Support Files/Pods-CarsApp/Pods-CarsApp.debug.xcconfig"; sourceTree = "<group>"; };
/* End PBXFileReference section */

/* Begin PBXFrameworksBuildPhase section */
		2078B31222A6C43500A2ACA0 /* Frameworks */ = {
			isa = PBXFrameworksBuildPhase;
			buildActionMask = 2147483647;
			files = (
				45F6A52128B67218BCC04B46 /* Pods_CarsApp.framework in Frameworks */,
			);
			runOnlyForDeploymentPostprocessing = 0;
		};
/* End PBXFrameworksBuildPhase section */

/* Begin PBXGroup section */
		0D943FD46BD7C963B12A62A2 /* Pods */ = {
			isa = PBXGroup;
			children = (
				C644C2D06BB655D3EF76AE27 /* Pods-CarsApp.debug.xcconfig */,
				11DD0225CE7F8D49F8B68C3B /* Pods-CarsApp.release.xcconfig */,
			);
			path = Pods;
			sourceTree = "<group>";
		};
		2023422522A85959007D1CB3 /* viewModel */ = {
			isa = PBXGroup;
			children = (
				2023422322A85945007D1CB3 /* CACarsLocationsViewModel.swift */,
				2023422622A8595F007D1CB3 /* CACarsLocationsViewModelProtocol.swift */,
			);
			path = viewModel;
			sourceTree = "<group>";
		};
		2023422822A85A7C007D1CB3 /* view */ = {
			isa = PBXGroup;
			children = (
				2048051E22A78AC60026F96B /* CACarsLocationsViewController.swift */,
			);
			path = view;
			sourceTree = "<group>";
		};
		2023422B22A85A98007D1CB3 /* model */ = {
			isa = PBXGroup;
			children = (
				2023422922A85A95007D1CB3 /* CACarAnnotation.swift */,
			);
			path = model;
			sourceTree = "<group>";
		};
		2023423F22A88660007D1CB3 /* Database */ = {
			isa = PBXGroup;
			children = (
				20B1BC4922A9906900CD97D3 /* CADatabaseProtocol.swift */,
				20B1BC4822A9905E00CD97D3 /* CoreData */,
			);
			path = Database;
			sourceTree = "<group>";
		};
		2023424022A8866C007D1CB3 /* entities */ = {
			isa = PBXGroup;
			children = (
				20B1BC4422A9905200CD97D3 /* CACarEntity+CoreDataClass.swift */,
				20B1BC4522A9905200CD97D3 /* CACarEntity+CoreDataProperties.swift */,
			);
			path = entities;
			sourceTree = "<group>";
		};
		2048052022A78C010026F96B /* CarsLocations */ = {
			isa = PBXGroup;
			children = (
				2023422B22A85A98007D1CB3 /* model */,
				2023422822A85A7C007D1CB3 /* view */,
				2023422522A85959007D1CB3 /* viewModel */,
				20B1BC5422A9C4FB00CD97D3 /* CACarsLocationsModuleInitializer.swift */,
				20B1BC5622A9C51500CD97D3 /* CACarsLocationsModuleAssembly.swift */,
			);
			path = CarsLocations;
			sourceTree = "<group>";
		};
		2078B30C22A6C43500A2ACA0 = {
			isa = PBXGroup;
			children = (
				2078B31722A6C43500A2ACA0 /* CarsApp */,
				2078B31622A6C43500A2ACA0 /* Products */,
				0D943FD46BD7C963B12A62A2 /* Pods */,
				785CC63C86FC8063840F80DB /* Frameworks */,
			);
			sourceTree = "<group>";
		};
		2078B31622A6C43500A2ACA0 /* Products */ = {
			isa = PBXGroup;
			children = (
				2078B31522A6C43500A2ACA0 /* CarsApp.app */,
			);
			name = Products;
			sourceTree = "<group>";
		};
		2078B31722A6C43500A2ACA0 /* CarsApp */ = {
			isa = PBXGroup;
			children = (
				2078B32B22A6C64E00A2ACA0 /* sources */,
				2078B32A22A6C64400A2ACA0 /* storyboards */,
				2078B32C22A6C67C00A2ACA0 /* resources */,
			);
			path = CarsApp;
			sourceTree = "<group>";
		};
		2078B32A22A6C64400A2ACA0 /* storyboards */ = {
			isa = PBXGroup;
			children = (
				2078B31C22A6C43500A2ACA0 /* CAScreens.storyboard */,
				2078B32122A6C43600A2ACA0 /* CALaunchScreen.storyboard */,
			);
			path = storyboards;
			sourceTree = "<group>";
		};
		2078B32B22A6C64E00A2ACA0 /* sources */ = {
			isa = PBXGroup;
			children = (
				2078B31822A6C43500A2ACA0 /* CAAppDelegate.swift */,
				2023422C22A8624E007D1CB3 /* CAConstants.swift */,
				20B1BC4B22A9909E00CD97D3 /* ImageStore */,
				20D9D5DC22A718B9009675FC /* ImageDownloadManager */,
				2023423F22A88660007D1CB3 /* Database */,
				20B1BC5822A9C6F400CD97D3 /* Modules */,
			);
			path = sources;
			sourceTree = "<group>";
		};
		2078B32C22A6C67C00A2ACA0 /* resources */ = {
			isa = PBXGroup;
			children = (
				2023423222A8768D007D1CB3 /* CALocalizable.strings */,
				2023423622A87EBE007D1CB3 /* CACars.xcdatamodeld */,
				2078B31F22A6C43600A2ACA0 /* Assets.xcassets */,
				2078B32422A6C43600A2ACA0 /* Info.plist */,
			);
			path = resources;
			sourceTree = "<group>";
		};
		2078B32D22A6CA6500A2ACA0 /* CarsList */ = {
			isa = PBXGroup;
			children = (
				2078B33622A6D55400A2ACA0 /* network */,
				2078B33022A6CAA400A2ACA0 /* model */,
				2078B33122A6CAAB00A2ACA0 /* view */,
				20D9D5D522A71283009675FC /* viewModel */,
				20B1BC5022A9C2DA00CD97D3 /* CACarsListModuleInitializer.swift */,
				20B1BC5222A9C2E800CD97D3 /* CACarsListModuleAssembly.swift */,
			);
			path = CarsList;
			sourceTree = "<group>";
		};
		2078B33022A6CAA400A2ACA0 /* model */ = {
			isa = PBXGroup;
			children = (
				2078B32E22A6CAA000A2ACA0 /* CACar.swift */,
				2078B33222A6CD5F00A2ACA0 /* CACarsResult.swift */,
				20D9D5D122A70C97009675FC /* CACarsDataSource.swift */,
			);
			path = model;
			sourceTree = "<group>";
		};
		2078B33122A6CAAB00A2ACA0 /* view */ = {
			isa = PBXGroup;
			children = (
				20D9D5D622A712F9009675FC /* CACarsListViewControllerInputProtocol.swift */,
				2078B31A22A6C43500A2ACA0 /* CACarsListViewController.swift */,
				20D9D5CF22A7055D009675FC /* CACarListCell.swift */,
			);
			path = view;
			sourceTree = "<group>";
		};
		2078B33622A6D55400A2ACA0 /* network */ = {
			isa = PBXGroup;
			children = (
				2078B33422A6CEBB00A2ACA0 /* CACarsAPI.swift */,
				2078B33722A6DE4C00A2ACA0 /* CANetworkManager.swift */,
			);
			path = network;
			sourceTree = "<group>";
		};
		20B1BC4822A9905E00CD97D3 /* CoreData */ = {
			isa = PBXGroup;
			children = (
				207416E722A9430C0077CAC7 /* CACoreDataManager.swift */,
				2023424022A8866C007D1CB3 /* entities */,
			);
			path = CoreData;
			sourceTree = "<group>";
		};
		20B1BC4B22A9909E00CD97D3 /* ImageStore */ = {
			isa = PBXGroup;
			children = (
				20B1BC4222A9902900CD97D3 /* CAImageStore.swift */,
				20B1BC4C22A997AC00CD97D3 /* CAImageStoreProtocol.swift */,
			);
			path = ImageStore;
			sourceTree = "<group>";
		};
		20B1BC5822A9C6F400CD97D3 /* Modules */ = {
			isa = PBXGroup;
			children = (
				2078B32D22A6CA6500A2ACA0 /* CarsList */,
				2048052022A78C010026F96B /* CarsLocations */,
			);
			path = Modules;
			sourceTree = "<group>";
		};
		20D9D5D522A71283009675FC /* viewModel */ = {
			isa = PBXGroup;
			children = (
				20D9D5DA22A71322009675FC /* CACarsListViewModelProtocol.swift */,
				20D9D5D322A70CDD009675FC /* CACarsListViewModel.swift */,
				2023423922A883D8007D1CB3 /* CACarsListViewModel+UITableViewDelegate.swift */,
			);
			path = viewModel;
			sourceTree = "<group>";
		};
		20D9D5DC22A718B9009675FC /* ImageDownloadManager */ = {
			isa = PBXGroup;
			children = (
				20D9D5DD22A718B9009675FC /* CAOperation.swift */,
				20D9D5DE22A718B9009675FC /* CAImageDownloadManager.swift */,
				20B1BC4E22A9982600CD97D3 /* CAImageDownloadManagerProtocol.swift */,
			);
			path = ImageDownloadManager;
			sourceTree = "<group>";
		};
		785CC63C86FC8063840F80DB /* Frameworks */ = {
			isa = PBXGroup;
			children = (
				5EDC2E0E748D8ADDCE282D9B /* Pods_CarsApp.framework */,
			);
			name = Frameworks;
			sourceTree = "<group>";
		};
/* End PBXGroup section */

/* Begin PBXNativeTarget section */
		2078B31422A6C43500A2ACA0 /* CarsApp */ = {
			isa = PBXNativeTarget;
			buildConfigurationList = 2078B32722A6C43600A2ACA0 /* Build configuration list for PBXNativeTarget "CarsApp" */;
			buildPhases = (
				8BDD84DC28515DC181AE0D71 /* [CP] Check Pods Manifest.lock */,
				2078B31122A6C43500A2ACA0 /* Sources */,
				2078B31222A6C43500A2ACA0 /* Frameworks */,
				2078B31322A6C43500A2ACA0 /* Resources */,
				00CCEAF9FFCBB0AF2DBB05B1 /* [CP] Embed Pods Frameworks */,
			);
			buildRules = (
			);
			dependencies = (
			);
			name = CarsApp;
			productName = CarsApp;
			productReference = 2078B31522A6C43500A2ACA0 /* CarsApp.app */;
			productType = "com.apple.product-type.application";
		};
/* End PBXNativeTarget section */

/* Begin PBXProject section */
		2078B30D22A6C43500A2ACA0 /* Project object */ = {
			isa = PBXProject;
			attributes = {
				LastSwiftUpdateCheck = 1020;
				LastUpgradeCheck = 1020;
				ORGANIZATIONNAME = Vinso;
				TargetAttributes = {
					2078B31422A6C43500A2ACA0 = {
						CreatedOnToolsVersion = 10.2.1;
					};
				};
			};
			buildConfigurationList = 2078B31022A6C43500A2ACA0 /* Build configuration list for PBXProject "CarsApp" */;
			compatibilityVersion = "Xcode 9.3";
			developmentRegion = en;
			hasScannedForEncodings = 0;
			knownRegions = (
				en,
				Base,
				uk,
			);
			mainGroup = 2078B30C22A6C43500A2ACA0;
			productRefGroup = 2078B31622A6C43500A2ACA0 /* Products */;
			projectDirPath = "";
			projectRoot = "";
			targets = (
				2078B31422A6C43500A2ACA0 /* CarsApp */,
			);
		};
/* End PBXProject section */

/* Begin PBXResourcesBuildPhase section */
		2078B31322A6C43500A2ACA0 /* Resources */ = {
			isa = PBXResourcesBuildPhase;
			buildActionMask = 2147483647;
			files = (
				2078B32322A6C43600A2ACA0 /* CALaunchScreen.storyboard in Resources */,
				2023423022A8768D007D1CB3 /* CALocalizable.strings in Resources */,
				2078B32022A6C43600A2ACA0 /* Assets.xcassets in Resources */,
				2078B31E22A6C43500A2ACA0 /* CAScreens.storyboard in Resources */,
			);
			runOnlyForDeploymentPostprocessing = 0;
		};
/* End PBXResourcesBuildPhase section */

/* Begin PBXShellScriptBuildPhase section */
		00CCEAF9FFCBB0AF2DBB05B1 /* [CP] Embed Pods Frameworks */ = {
			isa = PBXShellScriptBuildPhase;
			buildActionMask = 2147483647;
			files = (
			);
			inputFileListPaths = (
			);
			inputPaths = (
				"${PODS_ROOT}/Target Support Files/Pods-CarsApp/Pods-CarsApp-frameworks.sh",
				"${BUILT_PRODUCTS_DIR}/Alamofire/Alamofire.framework",
				"${BUILT_PRODUCTS_DIR}/Moya/Moya.framework",
				"${BUILT_PRODUCTS_DIR}/Result/Result.framework",
			);
			name = "[CP] Embed Pods Frameworks";
			outputFileListPaths = (
			);
			outputPaths = (
				"${TARGET_BUILD_DIR}/${FRAMEWORKS_FOLDER_PATH}/Alamofire.framework",
				"${TARGET_BUILD_DIR}/${FRAMEWORKS_FOLDER_PATH}/Moya.framework",
				"${TARGET_BUILD_DIR}/${FRAMEWORKS_FOLDER_PATH}/Result.framework",
			);
			runOnlyForDeploymentPostprocessing = 0;
			shellPath = /bin/sh;
			shellScript = "\"${PODS_ROOT}/Target Support Files/Pods-CarsApp/Pods-CarsApp-frameworks.sh\"\n";
			showEnvVarsInLog = 0;
		};
		8BDD84DC28515DC181AE0D71 /* [CP] Check Pods Manifest.lock */ = {
			isa = PBXShellScriptBuildPhase;
			buildActionMask = 2147483647;
			files = (
			);
			inputFileListPaths = (
			);
			inputPaths = (
				"${PODS_PODFILE_DIR_PATH}/Podfile.lock",
				"${PODS_ROOT}/Manifest.lock",
			);
			name = "[CP] Check Pods Manifest.lock";
			outputFileListPaths = (
			);
			outputPaths = (
				"$(DERIVED_FILE_DIR)/Pods-CarsApp-checkManifestLockResult.txt",
			);
			runOnlyForDeploymentPostprocessing = 0;
			shellPath = /bin/sh;
			shellScript = "diff \"${PODS_PODFILE_DIR_PATH}/Podfile.lock\" \"${PODS_ROOT}/Manifest.lock\" > /dev/null\nif [ $? != 0 ] ; then\n    # print error to STDERR\n    echo \"error: The sandbox is not in sync with the Podfile.lock. Run 'pod install' or update your CocoaPods installation.\" >&2\n    exit 1\nfi\n# This output is used by Xcode 'outputs' to avoid re-running this script phase.\necho \"SUCCESS\" > \"${SCRIPT_OUTPUT_FILE_0}\"\n";
			showEnvVarsInLog = 0;
		};
/* End PBXShellScriptBuildPhase section */

/* Begin PBXSourcesBuildPhase section */
		2078B31122A6C43500A2ACA0 /* Sources */ = {
			isa = PBXSourcesBuildPhase;
			buildActionMask = 2147483647;
			files = (
				2078B33822A6DE4C00A2ACA0 /* CANetworkManager.swift in Sources */,
				20B1BC4722A9905200CD97D3 /* CACarEntity+CoreDataProperties.swift in Sources */,
				20B1BC4322A9902900CD97D3 /* CAImageStore.swift in Sources */,
				20D9D5D222A70C97009675FC /* CACarsDataSource.swift in Sources */,
				20B1BC5522A9C4FB00CD97D3 /* CACarsLocationsModuleInitializer.swift in Sources */,
				20D9D5D022A7055D009675FC /* CACarListCell.swift in Sources */,
				20D9D5E022A718B9009675FC /* CAImageDownloadManager.swift in Sources */,
				2078B33322A6CD5F00A2ACA0 /* CACarsResult.swift in Sources */,
				2023422A22A85A95007D1CB3 /* CACarAnnotation.swift in Sources */,
				207416E822A9430C0077CAC7 /* CACoreDataManager.swift in Sources */,
				2078B32F22A6CAA000A2ACA0 /* CACar.swift in Sources */,
				2078B33522A6CEBB00A2ACA0 /* CACarsAPI.swift in Sources */,
				20D9D5D722A712F9009675FC /* CACarsListViewControllerInputProtocol.swift in Sources */,
				2023422722A8595F007D1CB3 /* CACarsLocationsViewModelProtocol.swift in Sources */,
				20B1BC5322A9C2E800CD97D3 /* CACarsListModuleAssembly.swift in Sources */,
				20B1BC4D22A997AC00CD97D3 /* CAImageStoreProtocol.swift in Sources */,
				2023422422A85945007D1CB3 /* CACarsLocationsViewModel.swift in Sources */,
				2023423822A87EBE007D1CB3 /* CACars.xcdatamodeld in Sources */,
				2023423A22A883D8007D1CB3 /* CACarsListViewModel+UITableViewDelegate.swift in Sources */,
				20B1BC5122A9C2DA00CD97D3 /* CACarsListModuleInitializer.swift in Sources */,
				20B1BC5722A9C51500CD97D3 /* CACarsLocationsModuleAssembly.swift in Sources */,
				20D9D5DB22A71322009675FC /* CACarsListViewModelProtocol.swift in Sources */,
				20D9D5DF22A718B9009675FC /* CAOperation.swift in Sources */,
				2078B31B22A6C43500A2ACA0 /* CACarsListViewController.swift in Sources */,
				2078B31922A6C43500A2ACA0 /* CAAppDelegate.swift in Sources */,
				2048051F22A78AC60026F96B /* CACarsLocationsViewController.swift in Sources */,
				20B1BC4A22A9906900CD97D3 /* CADatabaseProtocol.swift in Sources */,
				20D9D5D422A70CDD009675FC /* CACarsListViewModel.swift in Sources */,
				2023422D22A8624E007D1CB3 /* CAConstants.swift in Sources */,
				20B1BC4622A9905200CD97D3 /* CACarEntity+CoreDataClass.swift in Sources */,
				20B1BC4F22A9982600CD97D3 /* CAImageDownloadManagerProtocol.swift in Sources */,
			);
			runOnlyForDeploymentPostprocessing = 0;
		};
/* End PBXSourcesBuildPhase section */

/* Begin PBXVariantGroup section */
		2023423222A8768D007D1CB3 /* CALocalizable.strings */ = {
			isa = PBXVariantGroup;
			children = (
				2023423122A8768D007D1CB3 /* en */,
				2023423522A87710007D1CB3 /* uk */,
			);
			name = CALocalizable.strings;
			sourceTree = "<group>";
		};
		2078B31C22A6C43500A2ACA0 /* CAScreens.storyboard */ = {
			isa = PBXVariantGroup;
			children = (
				2078B31D22A6C43500A2ACA0 /* Base */,
				2023423322A87710007D1CB3 /* uk */,
			);
			name = CAScreens.storyboard;
			sourceTree = "<group>";
		};
		2078B32122A6C43600A2ACA0 /* CALaunchScreen.storyboard */ = {
			isa = PBXVariantGroup;
			children = (
				2078B32222A6C43600A2ACA0 /* Base */,
				2023423422A87710007D1CB3 /* uk */,
			);
			name = CALaunchScreen.storyboard;
			sourceTree = "<group>";
		};
/* End PBXVariantGroup section */

/* Begin XCBuildConfiguration section */
		2078B32522A6C43600A2ACA0 /* Debug */ = {
			isa = XCBuildConfiguration;
			buildSettings = {
				ALWAYS_SEARCH_USER_PATHS = NO;
				CLANG_ANALYZER_LOCALIZABILITY_NONLOCALIZED = YES;
				CLANG_ANALYZER_NONNULL = YES;
				CLANG_ANALYZER_NUMBER_OBJECT_CONVERSION = YES_AGGRESSIVE;
				CLANG_CXX_LANGUAGE_STANDARD = "gnu++14";
				CLANG_CXX_LIBRARY = "libc++";
				CLANG_ENABLE_MODULES = YES;
				CLANG_ENABLE_OBJC_ARC = YES;
				CLANG_ENABLE_OBJC_WEAK = YES;
				CLANG_WARN_BLOCK_CAPTURE_AUTORELEASING = YES;
				CLANG_WARN_BOOL_CONVERSION = YES;
				CLANG_WARN_COMMA = YES;
				CLANG_WARN_CONSTANT_CONVERSION = YES;
				CLANG_WARN_DEPRECATED_OBJC_IMPLEMENTATIONS = YES;
				CLANG_WARN_DIRECT_OBJC_ISA_USAGE = YES_ERROR;
				CLANG_WARN_DOCUMENTATION_COMMENTS = YES;
				CLANG_WARN_EMPTY_BODY = YES;
				CLANG_WARN_ENUM_CONVERSION = YES;
				CLANG_WARN_INFINITE_RECURSION = YES;
				CLANG_WARN_INT_CONVERSION = YES;
				CLANG_WARN_NON_LITERAL_NULL_CONVERSION = YES;
				CLANG_WARN_OBJC_IMPLICIT_RETAIN_SELF = YES;
				CLANG_WARN_OBJC_LITERAL_CONVERSION = YES;
				CLANG_WARN_OBJC_ROOT_CLASS = YES_ERROR;
				CLANG_WARN_RANGE_LOOP_ANALYSIS = YES;
				CLANG_WARN_STRICT_PROTOTYPES = YES;
				CLANG_WARN_SUSPICIOUS_MOVE = YES;
				CLANG_WARN_UNGUARDED_AVAILABILITY = YES_AGGRESSIVE;
				CLANG_WARN_UNREACHABLE_CODE = YES;
				CLANG_WARN__DUPLICATE_METHOD_MATCH = YES;
				CODE_SIGN_IDENTITY = "iPhone Developer";
				COPY_PHASE_STRIP = NO;
				DEBUG_INFORMATION_FORMAT = dwarf;
				ENABLE_STRICT_OBJC_MSGSEND = YES;
				ENABLE_TESTABILITY = YES;
				GCC_C_LANGUAGE_STANDARD = gnu11;
				GCC_DYNAMIC_NO_PIC = NO;
				GCC_NO_COMMON_BLOCKS = YES;
				GCC_OPTIMIZATION_LEVEL = 0;
				GCC_PREPROCESSOR_DEFINITIONS = (
					"DEBUG=1",
					"$(inherited)",
				);
				GCC_WARN_64_TO_32_BIT_CONVERSION = YES;
				GCC_WARN_ABOUT_RETURN_TYPE = YES_ERROR;
				GCC_WARN_UNDECLARED_SELECTOR = YES;
				GCC_WARN_UNINITIALIZED_AUTOS = YES_AGGRESSIVE;
				GCC_WARN_UNUSED_FUNCTION = YES;
				GCC_WARN_UNUSED_VARIABLE = YES;
				IPHONEOS_DEPLOYMENT_TARGET = 12.2;
				MTL_ENABLE_DEBUG_INFO = INCLUDE_SOURCE;
				MTL_FAST_MATH = YES;
				ONLY_ACTIVE_ARCH = YES;
				SDKROOT = iphoneos;
				SWIFT_ACTIVE_COMPILATION_CONDITIONS = DEBUG;
				SWIFT_OPTIMIZATION_LEVEL = "-Onone";
			};
			name = Debug;
		};
		2078B32622A6C43600A2ACA0 /* Release */ = {
			isa = XCBuildConfiguration;
			buildSettings = {
				ALWAYS_SEARCH_USER_PATHS = NO;
				CLANG_ANALYZER_LOCALIZABILITY_NONLOCALIZED = YES;
				CLANG_ANALYZER_NONNULL = YES;
				CLANG_ANALYZER_NUMBER_OBJECT_CONVERSION = YES_AGGRESSIVE;
				CLANG_CXX_LANGUAGE_STANDARD = "gnu++14";
				CLANG_CXX_LIBRARY = "libc++";
				CLANG_ENABLE_MODULES = YES;
				CLANG_ENABLE_OBJC_ARC = YES;
				CLANG_ENABLE_OBJC_WEAK = YES;
				CLANG_WARN_BLOCK_CAPTURE_AUTORELEASING = YES;
				CLANG_WARN_BOOL_CONVERSION = YES;
				CLANG_WARN_COMMA = YES;
				CLANG_WARN_CONSTANT_CONVERSION = YES;
				CLANG_WARN_DEPRECATED_OBJC_IMPLEMENTATIONS = YES;
				CLANG_WARN_DIRECT_OBJC_ISA_USAGE = YES_ERROR;
				CLANG_WARN_DOCUMENTATION_COMMENTS = YES;
				CLANG_WARN_EMPTY_BODY = YES;
				CLANG_WARN_ENUM_CONVERSION = YES;
				CLANG_WARN_INFINITE_RECURSION = YES;
				CLANG_WARN_INT_CONVERSION = YES;
				CLANG_WARN_NON_LITERAL_NULL_CONVERSION = YES;
				CLANG_WARN_OBJC_IMPLICIT_RETAIN_SELF = YES;
				CLANG_WARN_OBJC_LITERAL_CONVERSION = YES;
				CLANG_WARN_OBJC_ROOT_CLASS = YES_ERROR;
				CLANG_WARN_RANGE_LOOP_ANALYSIS = YES;
				CLANG_WARN_STRICT_PROTOTYPES = YES;
				CLANG_WARN_SUSPICIOUS_MOVE = YES;
				CLANG_WARN_UNGUARDED_AVAILABILITY = YES_AGGRESSIVE;
				CLANG_WARN_UNREACHABLE_CODE = YES;
				CLANG_WARN__DUPLICATE_METHOD_MATCH = YES;
				CODE_SIGN_IDENTITY = "iPhone Developer";
				COPY_PHASE_STRIP = NO;
				DEBUG_INFORMATION_FORMAT = "dwarf-with-dsym";
				ENABLE_NS_ASSERTIONS = NO;
				ENABLE_STRICT_OBJC_MSGSEND = YES;
				GCC_C_LANGUAGE_STANDARD = gnu11;
				GCC_NO_COMMON_BLOCKS = YES;
				GCC_WARN_64_TO_32_BIT_CONVERSION = YES;
				GCC_WARN_ABOUT_RETURN_TYPE = YES_ERROR;
				GCC_WARN_UNDECLARED_SELECTOR = YES;
				GCC_WARN_UNINITIALIZED_AUTOS = YES_AGGRESSIVE;
				GCC_WARN_UNUSED_FUNCTION = YES;
				GCC_WARN_UNUSED_VARIABLE = YES;
				IPHONEOS_DEPLOYMENT_TARGET = 12.2;
				MTL_ENABLE_DEBUG_INFO = NO;
				MTL_FAST_MATH = YES;
				SDKROOT = iphoneos;
				SWIFT_COMPILATION_MODE = wholemodule;
				SWIFT_OPTIMIZATION_LEVEL = "-O";
				VALIDATE_PRODUCT = YES;
			};
			name = Release;
		};
		2078B32822A6C43600A2ACA0 /* Debug */ = {
			isa = XCBuildConfiguration;
			baseConfigurationReference = C644C2D06BB655D3EF76AE27 /* Pods-CarsApp.debug.xcconfig */;
			buildSettings = {
				ASSETCATALOG_COMPILER_APPICON_NAME = AppIcon;
				CODE_SIGN_STYLE = Automatic;
				DEVELOPMENT_TEAM = RQ8948VJT6;
				INFOPLIST_FILE = CarsApp/resources/Info.plist;
				IPHONEOS_DEPLOYMENT_TARGET = 11.0;
				LD_RUNPATH_SEARCH_PATHS = (
					"$(inherited)",
					"@executable_path/Frameworks",
				);
				PRODUCT_BUNDLE_IDENTIFIER = com.vinso.carsapp;
				PRODUCT_NAME = "$(TARGET_NAME)";
				SWIFT_VERSION = 5.0;
				TARGETED_DEVICE_FAMILY = "1,2";
			};
			name = Debug;
		};
		2078B32922A6C43600A2ACA0 /* Release */ = {
			isa = XCBuildConfiguration;
			baseConfigurationReference = 11DD0225CE7F8D49F8B68C3B /* Pods-CarsApp.release.xcconfig */;
			buildSettings = {
				ASSETCATALOG_COMPILER_APPICON_NAME = AppIcon;
				CODE_SIGN_STYLE = Automatic;
				DEVELOPMENT_TEAM = RQ8948VJT6;
				INFOPLIST_FILE = CarsApp/resources/Info.plist;
				IPHONEOS_DEPLOYMENT_TARGET = 11.0;
				LD_RUNPATH_SEARCH_PATHS = (
					"$(inherited)",
					"@executable_path/Frameworks",
				);
				PRODUCT_BUNDLE_IDENTIFIER = com.vinso.carsapp;
				PRODUCT_NAME = "$(TARGET_NAME)";
				SWIFT_VERSION = 5.0;
				TARGETED_DEVICE_FAMILY = "1,2";
			};
			name = Release;
		};
/* End XCBuildConfiguration section */

/* Begin XCConfigurationList section */
		2078B31022A6C43500A2ACA0 /* Build configuration list for PBXProject "CarsApp" */ = {
			isa = XCConfigurationList;
			buildConfigurations = (
				2078B32522A6C43600A2ACA0 /* Debug */,
				2078B32622A6C43600A2ACA0 /* Release */,
			);
			defaultConfigurationIsVisible = 0;
			defaultConfigurationName = Release;
		};
		2078B32722A6C43600A2ACA0 /* Build configuration list for PBXNativeTarget "CarsApp" */ = {
			isa = XCConfigurationList;
			buildConfigurations = (
				2078B32822A6C43600A2ACA0 /* Debug */,
				2078B32922A6C43600A2ACA0 /* Release */,
			);
			defaultConfigurationIsVisible = 0;
			defaultConfigurationName = Release;
		};
/* End XCConfigurationList section */

/* Begin XCVersionGroup section */
		2023423622A87EBE007D1CB3 /* CACars.xcdatamodeld */ = {
			isa = XCVersionGroup;
			children = (
				2023423722A87EBE007D1CB3 /* CACars.xcdatamodel */,
			);
			currentVersion = 2023423722A87EBE007D1CB3 /* CACars.xcdatamodel */;
			path = CACars.xcdatamodeld;
			sourceTree = "<group>";
			versionGroupType = wrapper.xcdatamodel;
		};
/* End XCVersionGroup section */
	};
	rootObject = 2078B30D22A6C43500A2ACA0 /* Project object */;
}
